
Microsoft Visual Studio Solution File, Format Version 12.00
# Visual Studio Version 17
VisualStudioVersion = 17.9.34518.117
MinimumVisualStudioVersion = 10.0.40219.1
Project("{FAE04EC0-301F-11D3-BF4B-00C04F79EFBC}") = "Lab11.NormalDistribution", "Lab11.NormalDistribution.csproj", "{EE52F5FB-5ED8-4149-8280-7D47DB991F9B}"
EndProject
Global
	GlobalSection(SolutionConfigurationPlatforms) = preSolution
		Debug|Any CPU = Debug|Any CPU
		Release|Any CPU = Release|Any CPU
	EndGlobalSection
	GlobalSection(ProjectConfigurationPlatforms) = postSolution
		{EE52F5FB-5ED8-4149-8280-7D47DB991F9B}.Debug|Any CPU.ActiveCfg = Debug|Any CPU
		{EE52F5FB-5ED8-4149-8280-7D47DB991F9B}.Debug|Any CPU.Build.0 = Debug|Any CPU
		{EE52F5FB-5ED8-4149-8280-7D47DB991F9B}.Release|Any CPU.ActiveCfg = Release|Any CPU
		{EE52F5FB-5ED8-4149-8280-7D47DB991F9B}.Release|Any CPU.Build.0 = Release|Any CPU
	EndGlobalSection
	GlobalSection(SolutionProperties) = preSolution
		HideSolutionNode = FALSE
	EndGlobalSection
	GlobalSection(ExtensibilityGlobals) = postSolution
		SolutionGuid = {C2A777B1-A663-44AD-9B0B-2021DDF7168E}
	EndGlobalSection
EndGlobal
